Microsoft Visual Studio Solution File, Format Version 12.00
# Visual Studio 15
VisualStudioVersion = 15.0.27130.2020
MinimumVisualStudioVersion = 10.0.40219.1
Project("{FAE04EC0-301F-11D3-BF4B-00C04F79EFBC}") = "MagoRunnerPlugin.MagoRunner", "MagoRunnerPlugin\MagoRunnerPlugin.MagoRunner.csproj", "{DDF38A44-C6C7-4643-B991-68870B94E8E7}"
EndProject
Project("{FAE04EC0-301F-11D3-BF4B-00C04F79EFBC}") = "MsiClassicModePlugin.MsiClassicMode", "MsiClassicModePlugin\MsiClassicModePlugin.MsiClassicMode.csproj", "{D7AF6322-4DAC-4D52-9051-EB023F83A5CA}"
EndProject
Project("{2150E333-8FDC-42A3-9474-1A3956D46DE8}") = "Solution Items", "Solution Items", "{D48D2E5F-8BCA-43C8-8FAF-0CBDC72B54E8}"
	ProjectSection(SolutionItems) = preProject
		..\deploy.bat = ..\deploy.bat
		Trello-Butler.url = Trello-Butler.url
	EndProjectSection
EndProject
Project("{FAE04EC0-301F-11D3-BF4B-00C04F79EFBC}") = "VerticalInstallerPlugin.VerticalInstaller", "Microarea.Mago4Butler.VerticalInstaller\VerticalInstallerPlugin.VerticalInstaller.csproj", "{9B1E91D7-9B91-4B20-8633-2220523F02A2}"
EndProject
Project("{FAE04EC0-301F-11D3-BF4B-00C04F79EFBC}") = "SocialPlugin.Social", "SocialPlugin\SocialPlugin.Social.csproj", "{691769EE-CADA-411B-8EDD-C483C12CD4E7}"
EndProject
Project("{FAE04EC0-301F-11D3-BF4B-00C04F79EFBC}") = "ActivationMngrPlugin.ActivationMngr", "ActivationPlugin\ActivationMngrPlugin.ActivationMngr.csproj", "{0928F473-68EF-4080-B8F0-C2D8CC1E0962}"
EndProject
Global
	GlobalSection(SolutionConfigurationPlatforms) = preSolution
		Debug|Any CPU = Debug|Any CPU
		Debug|x86 = Debug|x86
		Deploy|Any CPU = Deploy|Any CPU
		Deploy|x86 = Deploy|x86
		Release|Any CPU = Release|Any CPU
		Release|x86 = Release|x86
	EndGlobalSection
	GlobalSection(ProjectConfigurationPlatforms) = postSolution
		{DDF38A44-C6C7-4643-B991-68870B94E8E7}.Debug|Any CPU.ActiveCfg = Debug|Any CPU
		{DDF38A44-C6C7-4643-B991-68870B94E8E7}.Debug|Any CPU.Build.0 = Debug|Any CPU
		{DDF38A44-C6C7-4643-B991-68870B94E8E7}.Debug|x86.ActiveCfg = Debug|x86
		{DDF38A44-C6C7-4643-B991-68870B94E8E7}.Debug|x86.Build.0 = Debug|x86
		{DDF38A44-C6C7-4643-B991-68870B94E8E7}.Deploy|Any CPU.ActiveCfg = Deploy|Any CPU
		{DDF38A44-C6C7-4643-B991-68870B94E8E7}.Deploy|Any CPU.Build.0 = Deploy|Any CPU
		{DDF38A44-C6C7-4643-B991-68870B94E8E7}.Deploy|x86.ActiveCfg = Deploy|x86
		{DDF38A44-C6C7-4643-B991-68870B94E8E7}.Deploy|x86.Build.0 = Deploy|x86
		{DDF38A44-C6C7-4643-B991-68870B94E8E7}.Release|Any CPU.ActiveCfg = Release|Any CPU
		{DDF38A44-C6C7-4643-B991-68870B94E8E7}.Release|Any CPU.Build.0 = Release|Any CPU
		{DDF38A44-C6C7-4643-B991-68870B94E8E7}.Release|x86.ActiveCfg = Release|x86
		{DDF38A44-C6C7-4643-B991-68870B94E8E7}.Release|x86.Build.0 = Release|x86
		{D7AF6322-4DAC-4D52-9051-EB023F83A5CA}.Debug|Any CPU.ActiveCfg = Debug|Any CPU
		{D7AF6322-4DAC-4D52-9051-EB023F83A5CA}.Debug|Any CPU.Build.0 = Debug|Any CPU
		{D7AF6322-4DAC-4D52-9051-EB023F83A5CA}.Debug|x86.ActiveCfg = Debug|Any CPU
		{D7AF6322-4DAC-4D52-9051-EB023F83A5CA}.Debug|x86.Build.0 = Debug|Any CPU
		{D7AF6322-4DAC-4D52-9051-EB023F83A5CA}.Deploy|Any CPU.ActiveCfg = Deploy|Any CPU
		{D7AF6322-4DAC-4D52-9051-EB023F83A5CA}.Deploy|Any CPU.Build.0 = Deploy|Any CPU
		{D7AF6322-4DAC-4D52-9051-EB023F83A5CA}.Deploy|x86.ActiveCfg = Deploy|Any CPU
		{D7AF6322-4DAC-4D52-9051-EB023F83A5CA}.Deploy|x86.Build.0 = Deploy|Any CPU
		{D7AF6322-4DAC-4D52-9051-EB023F83A5CA}.Release|Any CPU.ActiveCfg = Release|Any CPU
		{D7AF6322-4DAC-4D52-9051-EB023F83A5CA}.Release|Any CPU.Build.0 = Release|Any CPU
		{D7AF6322-4DAC-4D52-9051-EB023F83A5CA}.Release|x86.ActiveCfg = Release|Any CPU
		{D7AF6322-4DAC-4D52-9051-EB023F83A5CA}.Release|x86.Build.0 = Release|Any CPU
		{9B1E91D7-9B91-4B20-8633-2220523F02A2}.Debug|Any CPU.ActiveCfg = Debug|Any CPU
		{9B1E91D7-9B91-4B20-8633-2220523F02A2}.Debug|Any CPU.Build.0 = Debug|Any CPU
		{9B1E91D7-9B91-4B20-8633-2220523F02A2}.Debug|x86.ActiveCfg = Debug|Any CPU
		{9B1E91D7-9B91-4B20-8633-2220523F02A2}.Debug|x86.Build.0 = Debug|Any CPU
		{9B1E91D7-9B91-4B20-8633-2220523F02A2}.Deploy|Any CPU.ActiveCfg = Debug|Any CPU
		{9B1E91D7-9B91-4B20-8633-2220523F02A2}.Deploy|Any CPU.Build.0 = Debug|Any CPU
		{9B1E91D7-9B91-4B20-8633-2220523F02A2}.Deploy|x86.ActiveCfg = Debug|Any CPU
		{9B1E91D7-9B91-4B20-8633-2220523F02A2}.Deploy|x86.Build.0 = Debug|Any CPU
		{9B1E91D7-9B91-4B20-8633-2220523F02A2}.Release|Any CPU.ActiveCfg = Release|Any CPU
		{9B1E91D7-9B91-4B20-8633-2220523F02A2}.Release|Any CPU.Build.0 = Release|Any CPU
		{9B1E91D7-9B91-4B20-8633-2220523F02A2}.Release|x86.ActiveCfg = Release|Any CPU
		{9B1E91D7-9B91-4B20-8633-2220523F02A2}.Release|x86.Build.0 = Release|Any CPU
		{691769EE-CADA-411B-8EDD-C483C12CD4E7}.Debug|Any CPU.ActiveCfg = Debug|Any CPU
		{691769EE-CADA-411B-8EDD-C483C12CD4E7}.Debug|Any CPU.Build.0 = Debug|Any CPU
		{691769EE-CADA-411B-8EDD-C483C12CD4E7}.Debug|x86.ActiveCfg = Debug|Any CPU
		{691769EE-CADA-411B-8EDD-C483C12CD4E7}.Debug|x86.Build.0 = Debug|Any CPU
		{691769EE-CADA-411B-8EDD-C483C12CD4E7}.Deploy|Any CPU.ActiveCfg = Debug|Any CPU
		{691769EE-CADA-411B-8EDD-C483C12CD4E7}.Deploy|Any CPU.Build.0 = Debug|Any CPU
		{691769EE-CADA-411B-8EDD-C483C12CD4E7}.Deploy|x86.ActiveCfg = Debug|Any CPU
		{691769EE-CADA-411B-8EDD-C483C12CD4E7}.Deploy|x86.Build.0 = Debug|Any CPU
		{691769EE-CADA-411B-8EDD-C483C12CD4E7}.Release|Any CPU.ActiveCfg = Release|Any CPU
		{691769EE-CADA-411B-8EDD-C483C12CD4E7}.Release|Any CPU.Build.0 = Release|Any CPU
		{691769EE-CADA-411B-8EDD-C483C12CD4E7}.Release|x86.ActiveCfg = Release|Any CPU
		{691769EE-CADA-411B-8EDD-C483C12CD4E7}.Release|x86.Build.0 = Release|Any CPU
		{0928F473-68EF-4080-B8F0-C2D8CC1E0962}.Debug|Any CPU.ActiveCfg = Debug|Any CPU
		{0928F473-68EF-4080-B8F0-C2D8CC1E0962}.Debug|Any CPU.Build.0 = Debug|Any CPU
		{0928F473-68EF-4080-B8F0-C2D8CC1E0962}.Debug|x86.ActiveCfg = Debug|x86
		{0928F473-68EF-4080-B8F0-C2D8CC1E0962}.Debug|x86.Build.0 = Debug|x86
		{0928F473-68EF-4080-B8F0-C2D8CC1E0962}.Deploy|Any CPU.ActiveCfg = Deploy|Any CPU
		{0928F473-68EF-4080-B8F0-C2D8CC1E0962}.Deploy|Any CPU.Build.0 = Deploy|Any CPU
		{0928F473-68EF-4080-B8F0-C2D8CC1E0962}.Deploy|x86.ActiveCfg = Deploy|x86
		{0928F473-68EF-4080-B8F0-C2D8CC1E0962}.Deploy|x86.Build.0 = Deploy|x86
		{0928F473-68EF-4080-B8F0-C2D8CC1E0962}.Release|Any CPU.ActiveCfg = Release|Any CPU
		{0928F473-68EF-4080-B8F0-C2D8CC1E0962}.Release|Any CPU.Build.0 = Release|Any CPU
		{0928F473-68EF-4080-B8F0-C2D8CC1E0962}.Release|x86.ActiveCfg = Release|x86
		{0928F473-68EF-4080-B8F0-C2D8CC1E0962}.Release|x86.Build.0 = Release|x86
	EndGlobalSection
	GlobalSection(SolutionProperties) = preSolution
		HideSolutionNode = FALSE
	EndGlobalSection
	GlobalSection(ExtensibilityGlobals) = postSolution
		SolutionGuid = {FF899429-2097-43AE-84F3-557BA0DB50C9}
	EndGlobalSection
EndGlobal
