
Microsoft Visual Studio Solution File, Format Version 12.00
# Visual Studio 14
VisualStudioVersion = 14.0.24720.0
MinimumVisualStudioVersion = 10.0.40219.1
Project("{FAE04EC0-301F-11D3-BF4B-00C04F79EFBC}") = "Mago4Butler", "Mago4Butler\Mago4Butler.csproj", "{74895131-51FE-4FE9-BAEB-8D8E192E27CF}"
EndProject
Project("{FAE04EC0-301F-11D3-BF4B-00C04F79EFBC}") = "Mago4Butler.BL", "Mago4Butler.BL\Mago4Butler.BL.csproj", "{CF1BEF3B-3042-4192-B6C4-CDC0ED25336D}"
EndProject
Project("{930C7802-8A8C-48F9-8165-68863BCCD9DD}") = "Mago4ButlerSetup", "Mago4ButlerSetup\Mago4ButlerSetup.wixproj", "{A063F660-3E25-452C-B093-0C85F2B81A27}"
EndProject
Project("{2150E333-8FDC-42A3-9474-1A3956D46DE8}") = "Setup", "Setup", "{807CBFB5-AB06-4AD2-BD86-9083B92B7504}"
EndProject
Project("{FAE04EC0-301F-11D3-BF4B-00C04F79EFBC}") = "DigitalSignerClient", "DigitalSignerClient\DigitalSignerClient.csproj", "{00545D6C-42B4-4F42-B8F3-5E7282E03DBE}"
EndProject
Project("{FAE04EC0-301F-11D3-BF4B-00C04F79EFBC}") = "Mago4Butler.Plugins", "Mago4Butler.Plugins\Mago4Butler.Plugins.csproj", "{2D2E7056-A199-4418-8040-1830BB6FA8D2}"
EndProject
Project("{FAE04EC0-301F-11D3-BF4B-00C04F79EFBC}") = "PluginExample", "PluginExample\PluginExample.csproj", "{50E626D1-A1C4-4FF7-B2F3-0D116BCD7FD0}"
EndProject
Project("{FAE04EC0-301F-11D3-BF4B-00C04F79EFBC}") = "VersionManager", "VersionManager\VersionManager.csproj", "{0FF997AA-E75E-48B6-ABEE-3BEE0D69852C}"
EndProject
Project("{FAE04EC0-301F-11D3-BF4B-00C04F79EFBC}") = "AutomaticUpdates", "AutmaticUpdates\AutomaticUpdates.csproj", "{7852B045-F57A-458E-B718-89F9FA26E8A0}"
EndProject
Project("{2150E333-8FDC-42A3-9474-1A3956D46DE8}") = "TaskBuilderNet", "TaskBuilderNet", "{8F83B0E7-0A95-4AA3-94B0-F06D90888795}"
EndProject
Project("{FAE04EC0-301F-11D3-BF4B-00C04F79EFBC}") = "Microarea.TaskBuilderNet.Interfaces", "..\..\Standard\TaskBuilder\TaskBuilderNet\Microarea.TaskBuilderNet.Interfaces\Microarea.TaskBuilderNet.Interfaces.csproj", "{D21FD41D-0C68-40EF-A65A-CCFA47A05F3E}"
EndProject
Project("{FAE04EC0-301F-11D3-BF4B-00C04F79EFBC}") = "Microarea.TaskBuilderNet.Core", "..\..\Standard\TaskBuilder\TaskBuilderNet\Microarea.TaskBuilderNet.Core\Microarea.TaskBuilderNet.Core.csproj", "{DCA1DC48-522C-41FA-9E43-3DCCE3ED0FE3}"
EndProject
Project("{FAE04EC0-301F-11D3-BF4B-00C04F79EFBC}") = "Microarea.TaskBuilderNet.Data", "..\..\Standard\TaskBuilder\TaskBuilderNet\Microarea.TaskBuilderNet.Data\Microarea.TaskBuilderNet.Data.csproj", "{F2F1C352-B5F8-4E92-A85F-99B012F80504}"
EndProject
Project("{FAE04EC0-301F-11D3-BF4B-00C04F79EFBC}") = "Microarea.TaskBuilderNet.Licence", "..\..\Standard\TaskBuilder\TaskBuilderNet\Microarea.TaskBuilderNet.Licence\Microarea.TaskBuilderNet.Licence.csproj", "{042804B4-7D3B-490B-864D-EFE3F7AC3462}"
EndProject
Project("{FAE04EC0-301F-11D3-BF4B-00C04F79EFBC}") = "Microarea.TaskBuilderNet.ParametersManager", "..\..\Standard\TaskBuilder\TaskBuilderNet\Microarea.TaskBuilderNet.ParametersManager\Microarea.TaskBuilderNet.ParametersManager.csproj", "{BEFDB95F-5504-4C27-993B-094C069CB8BF}"
EndProject
Project("{FAE04EC0-301F-11D3-BF4B-00C04F79EFBC}") = "ProvisioningConfigurator", "..\..\Standard\TaskBuilder\Tools\ProvisioningConfigurator\ProvisioningConfigurator\ProvisioningConfigurator.csproj", "{A84F78EE-5EDE-4C7C-A042-36E0806BACF5}"
EndProject
Project("{930C7802-8A8C-48F9-8165-68863BCCD9DD}") = "Mago4ButlerWithPluginsSetup", "Mago4ButlerWithPluginsSetup\Mago4ButlerWithPluginsSetup.wixproj", "{30CC3935-A7C5-441E-9A26-A6C94BFDEC69}"
EndProject
Global
	GlobalSection(SolutionConfigurationPlatforms) = preSolution
		Debug|Any CPU = Debug|Any CPU
		Debug|x86 = Debug|x86
		Release|Any CPU = Release|Any CPU
		Release|x86 = Release|x86
	EndGlobalSection
	GlobalSection(ProjectConfigurationPlatforms) = postSolution
		{74895131-51FE-4FE9-BAEB-8D8E192E27CF}.Debug|Any CPU.ActiveCfg = Debug|x86
		{74895131-51FE-4FE9-BAEB-8D8E192E27CF}.Debug|Any CPU.Build.0 = Debug|x86
		{74895131-51FE-4FE9-BAEB-8D8E192E27CF}.Debug|x86.ActiveCfg = Debug|x86
		{74895131-51FE-4FE9-BAEB-8D8E192E27CF}.Debug|x86.Build.0 = Debug|x86
		{74895131-51FE-4FE9-BAEB-8D8E192E27CF}.Release|Any CPU.ActiveCfg = Release|Any CPU
		{74895131-51FE-4FE9-BAEB-8D8E192E27CF}.Release|Any CPU.Build.0 = Release|Any CPU
		{74895131-51FE-4FE9-BAEB-8D8E192E27CF}.Release|x86.ActiveCfg = Release|x86
		{74895131-51FE-4FE9-BAEB-8D8E192E27CF}.Release|x86.Build.0 = Release|x86
		{CF1BEF3B-3042-4192-B6C4-CDC0ED25336D}.Debug|Any CPU.ActiveCfg = Debug|x86
		{CF1BEF3B-3042-4192-B6C4-CDC0ED25336D}.Debug|Any CPU.Build.0 = Debug|x86
		{CF1BEF3B-3042-4192-B6C4-CDC0ED25336D}.Debug|x86.ActiveCfg = Debug|x86
		{CF1BEF3B-3042-4192-B6C4-CDC0ED25336D}.Debug|x86.Build.0 = Debug|x86
		{CF1BEF3B-3042-4192-B6C4-CDC0ED25336D}.Release|Any CPU.ActiveCfg = Release|Any CPU
		{CF1BEF3B-3042-4192-B6C4-CDC0ED25336D}.Release|Any CPU.Build.0 = Release|Any CPU
		{CF1BEF3B-3042-4192-B6C4-CDC0ED25336D}.Release|x86.ActiveCfg = Release|x86
		{CF1BEF3B-3042-4192-B6C4-CDC0ED25336D}.Release|x86.Build.0 = Release|x86
		{A063F660-3E25-452C-B093-0C85F2B81A27}.Debug|Any CPU.ActiveCfg = Debug|x86
		{A063F660-3E25-452C-B093-0C85F2B81A27}.Debug|x86.ActiveCfg = Debug|x86
		{A063F660-3E25-452C-B093-0C85F2B81A27}.Release|Any CPU.ActiveCfg = Release|x86
		{A063F660-3E25-452C-B093-0C85F2B81A27}.Release|x86.ActiveCfg = Release|x86
		{A063F660-3E25-452C-B093-0C85F2B81A27}.Release|x86.Build.0 = Release|x86
		{00545D6C-42B4-4F42-B8F3-5E7282E03DBE}.Debug|Any CPU.ActiveCfg = Debug|Any CPU
		{00545D6C-42B4-4F42-B8F3-5E7282E03DBE}.Debug|Any CPU.Build.0 = Debug|Any CPU
		{00545D6C-42B4-4F42-B8F3-5E7282E03DBE}.Debug|x86.ActiveCfg = Debug|Any CPU
		{00545D6C-42B4-4F42-B8F3-5E7282E03DBE}.Release|Any CPU.ActiveCfg = Release|Any CPU
		{00545D6C-42B4-4F42-B8F3-5E7282E03DBE}.Release|Any CPU.Build.0 = Release|Any CPU
		{00545D6C-42B4-4F42-B8F3-5E7282E03DBE}.Release|x86.ActiveCfg = Release|Any CPU
		{00545D6C-42B4-4F42-B8F3-5E7282E03DBE}.Release|x86.Build.0 = Release|Any CPU
		{2D2E7056-A199-4418-8040-1830BB6FA8D2}.Debug|Any CPU.ActiveCfg = Debug|Any CPU
		{2D2E7056-A199-4418-8040-1830BB6FA8D2}.Debug|Any CPU.Build.0 = Debug|Any CPU
		{2D2E7056-A199-4418-8040-1830BB6FA8D2}.Debug|x86.ActiveCfg = Debug|Any CPU
		{2D2E7056-A199-4418-8040-1830BB6FA8D2}.Debug|x86.Build.0 = Debug|Any CPU
		{2D2E7056-A199-4418-8040-1830BB6FA8D2}.Release|Any CPU.ActiveCfg = Release|Any CPU
		{2D2E7056-A199-4418-8040-1830BB6FA8D2}.Release|Any CPU.Build.0 = Release|Any CPU
		{2D2E7056-A199-4418-8040-1830BB6FA8D2}.Release|x86.ActiveCfg = Release|Any CPU
		{2D2E7056-A199-4418-8040-1830BB6FA8D2}.Release|x86.Build.0 = Release|Any CPU
		{50E626D1-A1C4-4FF7-B2F3-0D116BCD7FD0}.Debug|Any CPU.ActiveCfg = Debug|Any CPU
		{50E626D1-A1C4-4FF7-B2F3-0D116BCD7FD0}.Debug|Any CPU.Build.0 = Debug|Any CPU
		{50E626D1-A1C4-4FF7-B2F3-0D116BCD7FD0}.Debug|x86.ActiveCfg = Debug|Any CPU
		{50E626D1-A1C4-4FF7-B2F3-0D116BCD7FD0}.Debug|x86.Build.0 = Debug|Any CPU
		{50E626D1-A1C4-4FF7-B2F3-0D116BCD7FD0}.Release|Any CPU.ActiveCfg = Release|Any CPU
		{50E626D1-A1C4-4FF7-B2F3-0D116BCD7FD0}.Release|Any CPU.Build.0 = Release|Any CPU
		{50E626D1-A1C4-4FF7-B2F3-0D116BCD7FD0}.Release|x86.ActiveCfg = Release|Any CPU
		{50E626D1-A1C4-4FF7-B2F3-0D116BCD7FD0}.Release|x86.Build.0 = Release|Any CPU
		{0FF997AA-E75E-48B6-ABEE-3BEE0D69852C}.Debug|Any CPU.ActiveCfg = Debug|Any CPU
		{0FF997AA-E75E-48B6-ABEE-3BEE0D69852C}.Debug|Any CPU.Build.0 = Debug|Any CPU
		{0FF997AA-E75E-48B6-ABEE-3BEE0D69852C}.Debug|x86.ActiveCfg = Debug|Any CPU
		{0FF997AA-E75E-48B6-ABEE-3BEE0D69852C}.Release|Any CPU.ActiveCfg = Release|Any CPU
		{0FF997AA-E75E-48B6-ABEE-3BEE0D69852C}.Release|Any CPU.Build.0 = Release|Any CPU
		{0FF997AA-E75E-48B6-ABEE-3BEE0D69852C}.Release|x86.ActiveCfg = Release|Any CPU
		{0FF997AA-E75E-48B6-ABEE-3BEE0D69852C}.Release|x86.Build.0 = Release|Any CPU
		{7852B045-F57A-458E-B718-89F9FA26E8A0}.Debug|Any CPU.ActiveCfg = Debug|Any CPU
		{7852B045-F57A-458E-B718-89F9FA26E8A0}.Debug|Any CPU.Build.0 = Debug|Any CPU
		{7852B045-F57A-458E-B718-89F9FA26E8A0}.Debug|x86.ActiveCfg = Debug|Any CPU
		{7852B045-F57A-458E-B718-89F9FA26E8A0}.Debug|x86.Build.0 = Debug|Any CPU
		{7852B045-F57A-458E-B718-89F9FA26E8A0}.Release|Any CPU.ActiveCfg = Release|Any CPU
		{7852B045-F57A-458E-B718-89F9FA26E8A0}.Release|Any CPU.Build.0 = Release|Any CPU
		{7852B045-F57A-458E-B718-89F9FA26E8A0}.Release|x86.ActiveCfg = Release|Any CPU
		{7852B045-F57A-458E-B718-89F9FA26E8A0}.Release|x86.Build.0 = Release|Any CPU
		{D21FD41D-0C68-40EF-A65A-CCFA47A05F3E}.Debug|Any CPU.ActiveCfg = Debug|Any CPU
		{D21FD41D-0C68-40EF-A65A-CCFA47A05F3E}.Debug|Any CPU.Build.0 = Debug|Any CPU
		{D21FD41D-0C68-40EF-A65A-CCFA47A05F3E}.Debug|x86.ActiveCfg = Debug|Any CPU
		{D21FD41D-0C68-40EF-A65A-CCFA47A05F3E}.Debug|x86.Build.0 = Debug|Any CPU
		{D21FD41D-0C68-40EF-A65A-CCFA47A05F3E}.Release|Any CPU.ActiveCfg = Release|Any CPU
		{D21FD41D-0C68-40EF-A65A-CCFA47A05F3E}.Release|Any CPU.Build.0 = Release|Any CPU
		{D21FD41D-0C68-40EF-A65A-CCFA47A05F3E}.Release|x86.ActiveCfg = Release|Any CPU
		{D21FD41D-0C68-40EF-A65A-CCFA47A05F3E}.Release|x86.Build.0 = Release|Any CPU
		{DCA1DC48-522C-41FA-9E43-3DCCE3ED0FE3}.Debug|Any CPU.ActiveCfg = Debug|Any CPU
		{DCA1DC48-522C-41FA-9E43-3DCCE3ED0FE3}.Debug|Any CPU.Build.0 = Debug|Any CPU
		{DCA1DC48-522C-41FA-9E43-3DCCE3ED0FE3}.Debug|x86.ActiveCfg = Debug|Any CPU
		{DCA1DC48-522C-41FA-9E43-3DCCE3ED0FE3}.Debug|x86.Build.0 = Debug|Any CPU
		{DCA1DC48-522C-41FA-9E43-3DCCE3ED0FE3}.Release|Any CPU.ActiveCfg = Release|Any CPU
		{DCA1DC48-522C-41FA-9E43-3DCCE3ED0FE3}.Release|Any CPU.Build.0 = Release|Any CPU
		{DCA1DC48-522C-41FA-9E43-3DCCE3ED0FE3}.Release|x86.ActiveCfg = Release|Any CPU
		{DCA1DC48-522C-41FA-9E43-3DCCE3ED0FE3}.Release|x86.Build.0 = Release|Any CPU
		{F2F1C352-B5F8-4E92-A85F-99B012F80504}.Debug|Any CPU.ActiveCfg = Debug|Any CPU
		{F2F1C352-B5F8-4E92-A85F-99B012F80504}.Debug|Any CPU.Build.0 = Debug|Any CPU
		{F2F1C352-B5F8-4E92-A85F-99B012F80504}.Debug|x86.ActiveCfg = Debug|Any CPU
		{F2F1C352-B5F8-4E92-A85F-99B012F80504}.Debug|x86.Build.0 = Debug|Any CPU
		{F2F1C352-B5F8-4E92-A85F-99B012F80504}.Release|Any CPU.ActiveCfg = Release|Any CPU
		{F2F1C352-B5F8-4E92-A85F-99B012F80504}.Release|Any CPU.Build.0 = Release|Any CPU
		{F2F1C352-B5F8-4E92-A85F-99B012F80504}.Release|x86.ActiveCfg = Release|Any CPU
		{F2F1C352-B5F8-4E92-A85F-99B012F80504}.Release|x86.Build.0 = Release|Any CPU
		{042804B4-7D3B-490B-864D-EFE3F7AC3462}.Debug|Any CPU.ActiveCfg = Debug|Any CPU
		{042804B4-7D3B-490B-864D-EFE3F7AC3462}.Debug|Any CPU.Build.0 = Debug|Any CPU
		{042804B4-7D3B-490B-864D-EFE3F7AC3462}.Debug|x86.ActiveCfg = Debug|Any CPU
		{042804B4-7D3B-490B-864D-EFE3F7AC3462}.Debug|x86.Build.0 = Debug|Any CPU
		{042804B4-7D3B-490B-864D-EFE3F7AC3462}.Release|Any CPU.ActiveCfg = Release|Any CPU
		{042804B4-7D3B-490B-864D-EFE3F7AC3462}.Release|Any CPU.Build.0 = Release|Any CPU
		{042804B4-7D3B-490B-864D-EFE3F7AC3462}.Release|x86.ActiveCfg = Release|Any CPU
		{042804B4-7D3B-490B-864D-EFE3F7AC3462}.Release|x86.Build.0 = Release|Any CPU
		{BEFDB95F-5504-4C27-993B-094C069CB8BF}.Debug|Any CPU.ActiveCfg = Debug|Any CPU
		{BEFDB95F-5504-4C27-993B-094C069CB8BF}.Debug|Any CPU.Build.0 = Debug|Any CPU
		{BEFDB95F-5504-4C27-993B-094C069CB8BF}.Debug|x86.ActiveCfg = Debug|Any CPU
		{BEFDB95F-5504-4C27-993B-094C069CB8BF}.Debug|x86.Build.0 = Debug|Any CPU
		{BEFDB95F-5504-4C27-993B-094C069CB8BF}.Release|Any CPU.ActiveCfg = Release|Any CPU
		{BEFDB95F-5504-4C27-993B-094C069CB8BF}.Release|Any CPU.Build.0 = Release|Any CPU
		{BEFDB95F-5504-4C27-993B-094C069CB8BF}.Release|x86.ActiveCfg = Release|Any CPU
		{BEFDB95F-5504-4C27-993B-094C069CB8BF}.Release|x86.Build.0 = Release|Any CPU
		{A84F78EE-5EDE-4C7C-A042-36E0806BACF5}.Debug|Any CPU.ActiveCfg = Debug|Any CPU
		{A84F78EE-5EDE-4C7C-A042-36E0806BACF5}.Debug|Any CPU.Build.0 = Debug|Any CPU
		{A84F78EE-5EDE-4C7C-A042-36E0806BACF5}.Debug|x86.ActiveCfg = Debug|Any CPU
		{A84F78EE-5EDE-4C7C-A042-36E0806BACF5}.Debug|x86.Build.0 = Debug|Any CPU
		{A84F78EE-5EDE-4C7C-A042-36E0806BACF5}.Release|Any CPU.ActiveCfg = Release|Any CPU
		{A84F78EE-5EDE-4C7C-A042-36E0806BACF5}.Release|Any CPU.Build.0 = Release|Any CPU
		{A84F78EE-5EDE-4C7C-A042-36E0806BACF5}.Release|x86.ActiveCfg = Release|Any CPU
		{A84F78EE-5EDE-4C7C-A042-36E0806BACF5}.Release|x86.Build.0 = Release|Any CPU
		{30CC3935-A7C5-441E-9A26-A6C94BFDEC69}.Debug|Any CPU.ActiveCfg = Debug|x86
		{30CC3935-A7C5-441E-9A26-A6C94BFDEC69}.Debug|x86.ActiveCfg = Debug|x86
		{30CC3935-A7C5-441E-9A26-A6C94BFDEC69}.Release|Any CPU.ActiveCfg = Release|x86
		{30CC3935-A7C5-441E-9A26-A6C94BFDEC69}.Release|x86.ActiveCfg = Release|x86
		{30CC3935-A7C5-441E-9A26-A6C94BFDEC69}.Release|x86.Build.0 = Release|x86
	EndGlobalSection
	GlobalSection(SolutionProperties) = preSolution
		HideSolutionNode = FALSE
	EndGlobalSection
	GlobalSection(NestedProjects) = preSolution
		{A063F660-3E25-452C-B093-0C85F2B81A27} = {807CBFB5-AB06-4AD2-BD86-9083B92B7504}
		{00545D6C-42B4-4F42-B8F3-5E7282E03DBE} = {807CBFB5-AB06-4AD2-BD86-9083B92B7504}
		{0FF997AA-E75E-48B6-ABEE-3BEE0D69852C} = {807CBFB5-AB06-4AD2-BD86-9083B92B7504}
		{D21FD41D-0C68-40EF-A65A-CCFA47A05F3E} = {8F83B0E7-0A95-4AA3-94B0-F06D90888795}
		{DCA1DC48-522C-41FA-9E43-3DCCE3ED0FE3} = {8F83B0E7-0A95-4AA3-94B0-F06D90888795}
		{F2F1C352-B5F8-4E92-A85F-99B012F80504} = {8F83B0E7-0A95-4AA3-94B0-F06D90888795}
		{042804B4-7D3B-490B-864D-EFE3F7AC3462} = {8F83B0E7-0A95-4AA3-94B0-F06D90888795}
		{BEFDB95F-5504-4C27-993B-094C069CB8BF} = {8F83B0E7-0A95-4AA3-94B0-F06D90888795}
		{A84F78EE-5EDE-4C7C-A042-36E0806BACF5} = {8F83B0E7-0A95-4AA3-94B0-F06D90888795}
		{30CC3935-A7C5-441E-9A26-A6C94BFDEC69} = {807CBFB5-AB06-4AD2-BD86-9083B92B7504}
	EndGlobalSection
	GlobalSection(TeamFoundationVersionControl) = preSolution
		SccNumberOfProjects = 16
		SccEnterpriseProvider = {4CA58AB2-18FA-4F8D-95D4-32DDF27D184C}
		SccTeamFoundationServer = http://tfs:8080/tfs/microarea
		SccLocalPath0 = .
		SccProjectUniqueName1 = Mago4Butler\\Mago4Butler.csproj
		SccProjectName1 = Mago4Butler
		SccLocalPath1 = Mago4Butler
		SccProjectUniqueName2 = Mago4Butler.BL\\Mago4Butler.BL.csproj
		SccProjectName2 = Mago4Butler.BL
		SccLocalPath2 = Mago4Butler.BL
		SccProjectUniqueName3 = Mago4ButlerSetup\\Mago4ButlerSetup.wixproj
		SccProjectTopLevelParentUniqueName3 = Mago4Butler.sln
		SccProjectName3 = Mago4ButlerSetup
		SccLocalPath3 = Mago4ButlerSetup
		SccProjectUniqueName4 = DigitalSignerClient\\DigitalSignerClient.csproj
		SccProjectTopLevelParentUniqueName4 = Mago4Butler.sln
		SccProjectName4 = DigitalSignerClient
		SccLocalPath4 = DigitalSignerClient
		SccProjectUniqueName5 = Mago4Butler.Plugins\\Mago4Butler.Plugins.csproj
		SccProjectName5 = Mago4Butler.Plugins
		SccLocalPath5 = Mago4Butler.Plugins
		SccProjectUniqueName6 = PluginExample\\PluginExample.csproj
		SccProjectName6 = PluginExample
		SccLocalPath6 = PluginExample
		SccProjectUniqueName7 = VersionManager\\VersionManager.csproj
		SccProjectTopLevelParentUniqueName7 = Mago4Butler.sln
		SccProjectName7 = VersionManager
		SccLocalPath7 = VersionManager
		SccProjectUniqueName8 = ..\\..\\Standard\\TaskBuilder\\TaskBuilderNet\\Microarea.TaskBuilderNet.Interfaces\\Microarea.TaskBuilderNet.Interfaces.csproj
		SccProjectTopLevelParentUniqueName8 = Mago4Butler.sln
		SccProjectName8 = ../../TaskBuilder_1_x/TaskBuilderNet/Microarea.TaskBuilderNet.Interfaces
		SccLocalPath8 = ..\\..\\Standard\\TaskBuilder\\TaskBuilderNet\\Microarea.TaskBuilderNet.Interfaces
		SccProjectUniqueName9 = ..\\..\\Standard\\TaskBuilder\\TaskBuilderNet\\Microarea.TaskBuilderNet.Core\\Microarea.TaskBuilderNet.Core.csproj
		SccProjectTopLevelParentUniqueName9 = Mago4Butler.sln
		SccProjectName9 = ../../TaskBuilder_1_x/TaskBuilderNet/Microarea.TaskBuilderNet.Core
		SccLocalPath9 = ..\\..\\Standard\\TaskBuilder\\TaskBuilderNet\\Microarea.TaskBuilderNet.Core
		SccProjectUniqueName10 = ..\\..\\Standard\\TaskBuilder\\TaskBuilderNet\\Microarea.TaskBuilderNet.Data\\Microarea.TaskBuilderNet.Data.csproj
		SccProjectTopLevelParentUniqueName10 = Mago4Butler.sln
		SccProjectName10 = ../../TaskBuilder_1_x/TaskBuilderNet/Microarea.TaskBuilderNet.Data
		SccLocalPath10 = ..\\..\\Standard\\TaskBuilder\\TaskBuilderNet\\Microarea.TaskBuilderNet.Data
		SccProjectUniqueName11 = ..\\..\\Standard\\TaskBuilder\\TaskBuilderNet\\Microarea.TaskBuilderNet.Licence\\Microarea.TaskBuilderNet.Licence.csproj
		SccProjectTopLevelParentUniqueName11 = Mago4Butler.sln
		SccProjectName11 = ../../TaskBuilder_1_x/TaskBuilderNet/Microarea.TaskBuilderNet.Licence
		SccLocalPath11 = ..\\..\\Standard\\TaskBuilder\\TaskBuilderNet\\Microarea.TaskBuilderNet.Licence
		SccProjectUniqueName12 = ..\\..\\Standard\\TaskBuilder\\TaskBuilderNet\\Microarea.TaskBuilderNet.ParametersManager\\Microarea.TaskBuilderNet.ParametersManager.csproj
		SccProjectTopLevelParentUniqueName12 = Mago4Butler.sln
		SccProjectName12 = ../../TaskBuilder_1_x/TaskBuilderNet/Microarea.TaskBuilderNet.ParametersManager
		SccLocalPath12 = ..\\..\\Standard\\TaskBuilder\\TaskBuilderNet\\Microarea.TaskBuilderNet.ParametersManager
		SccProjectUniqueName13 = ..\\..\\Standard\\TaskBuilder\\Tools\\ProvisioningConfigurator\\ProvisioningConfigurator\\ProvisioningConfigurator.csproj
		SccProjectTopLevelParentUniqueName13 = Mago4Butler.sln
		SccProjectName13 = ../../TaskBuilder_1_x/Tools/ProvisioningConfigurator/ProvisioningConfigurator
		SccLocalPath13 = ..\\..\\Standard\\TaskBuilder\\Tools\\ProvisioningConfigurator\\ProvisioningConfigurator
		SccProjectUniqueName14 = Mago4ButlerWithPluginsSetup\\Mago4ButlerWithPluginsSetup.wixproj
		SccProjectTopLevelParentUniqueName14 = Mago4Butler.sln
		SccProjectName14 = Mago4ButlerWithPluginsSetup
		SccLocalPath14 = Mago4ButlerWithPluginsSetup
		SccProjectUniqueName15 = AutmaticUpdates\\AutomaticUpdates.csproj
		SccProjectName15 = AutmaticUpdates
		SccLocalPath15 = AutmaticUpdates
	EndGlobalSection
EndGlobal
