
Microsoft Visual Studio Solution File, Format Version 12.00
# Visual Studio 14
VisualStudioVersion = 14.0.24720.0
MinimumVisualStudioVersion = 10.0.40219.1
Project("{FAE04EC0-301F-11D3-BF4B-00C04F79EFBC}") = "Mago4Butler", "Mago4Butler\Mago4Butler.csproj", "{74895131-51FE-4FE9-BAEB-8D8E192E27CF}"
EndProject
Project("{FAE04EC0-301F-11D3-BF4B-00C04F79EFBC}") = "Mago4Butler.Cmd", "Mago4Butler.Cmd\Mago4Butler.Cmd.csproj", "{5A1808DE-E0F2-4A69-A0C0-B63A76859F8C}"
EndProject
Project("{FAE04EC0-301F-11D3-BF4B-00C04F79EFBC}") = "Mago4Butler.BL", "Mago4Butler.BL\Mago4Butler.BL.csproj", "{CF1BEF3B-3042-4192-B6C4-CDC0ED25336D}"
EndProject
Global
	GlobalSection(SolutionConfigurationPlatforms) = preSolution
		Debug|Any CPU = Debug|Any CPU
		Debug|x86 = Debug|x86
		Release|Any CPU = Release|Any CPU
		Release|x86 = Release|x86
	EndGlobalSection
	GlobalSection(ProjectConfigurationPlatforms) = postSolution
		{74895131-51FE-4FE9-BAEB-8D8E192E27CF}.Debug|Any CPU.ActiveCfg = Debug|x86
		{74895131-51FE-4FE9-BAEB-8D8E192E27CF}.Debug|Any CPU.Build.0 = Debug|x86
		{74895131-51FE-4FE9-BAEB-8D8E192E27CF}.Debug|x86.ActiveCfg = Debug|x86
		{74895131-51FE-4FE9-BAEB-8D8E192E27CF}.Debug|x86.Build.0 = Debug|x86
		{74895131-51FE-4FE9-BAEB-8D8E192E27CF}.Release|Any CPU.ActiveCfg = Release|Any CPU
		{74895131-51FE-4FE9-BAEB-8D8E192E27CF}.Release|Any CPU.Build.0 = Release|Any CPU
		{74895131-51FE-4FE9-BAEB-8D8E192E27CF}.Release|x86.ActiveCfg = Release|x86
		{74895131-51FE-4FE9-BAEB-8D8E192E27CF}.Release|x86.Build.0 = Release|x86
		{5A1808DE-E0F2-4A69-A0C0-B63A76859F8C}.Debug|Any CPU.ActiveCfg = Debug|x86
		{5A1808DE-E0F2-4A69-A0C0-B63A76859F8C}.Debug|Any CPU.Build.0 = Debug|x86
		{5A1808DE-E0F2-4A69-A0C0-B63A76859F8C}.Debug|x86.ActiveCfg = Debug|x86
		{5A1808DE-E0F2-4A69-A0C0-B63A76859F8C}.Debug|x86.Build.0 = Debug|x86
		{5A1808DE-E0F2-4A69-A0C0-B63A76859F8C}.Release|Any CPU.ActiveCfg = Release|Any CPU
		{5A1808DE-E0F2-4A69-A0C0-B63A76859F8C}.Release|Any CPU.Build.0 = Release|Any CPU
		{5A1808DE-E0F2-4A69-A0C0-B63A76859F8C}.Release|x86.ActiveCfg = Release|x86
		{5A1808DE-E0F2-4A69-A0C0-B63A76859F8C}.Release|x86.Build.0 = Release|x86
		{CF1BEF3B-3042-4192-B6C4-CDC0ED25336D}.Debug|Any CPU.ActiveCfg = Debug|x86
		{CF1BEF3B-3042-4192-B6C4-CDC0ED25336D}.Debug|Any CPU.Build.0 = Debug|x86
		{CF1BEF3B-3042-4192-B6C4-CDC0ED25336D}.Debug|x86.ActiveCfg = Debug|x86
		{CF1BEF3B-3042-4192-B6C4-CDC0ED25336D}.Debug|x86.Build.0 = Debug|x86
		{CF1BEF3B-3042-4192-B6C4-CDC0ED25336D}.Release|Any CPU.ActiveCfg = Release|Any CPU
		{CF1BEF3B-3042-4192-B6C4-CDC0ED25336D}.Release|Any CPU.Build.0 = Release|Any CPU
		{CF1BEF3B-3042-4192-B6C4-CDC0ED25336D}.Release|x86.ActiveCfg = Release|x86
		{CF1BEF3B-3042-4192-B6C4-CDC0ED25336D}.Release|x86.Build.0 = Release|x86
	EndGlobalSection
	GlobalSection(SolutionProperties) = preSolution
		HideSolutionNode = FALSE
	EndGlobalSection
	GlobalSection(TeamFoundationVersionControl) = preSolution
		SccNumberOfProjects = 4
		SccEnterpriseProvider = {4CA58AB2-18FA-4F8D-95D4-32DDF27D184C}
		SccTeamFoundationServer = http://tfs:8080/tfs/microarea
		SccLocalPath0 = .
		SccProjectUniqueName1 = Mago4Butler\\Mago4Butler.csproj
		SccProjectName1 = Mago4Butler
		SccLocalPath1 = Mago4Butler
		SccProjectUniqueName2 = Mago4Butler.Cmd\\Mago4Butler.Cmd.csproj
		SccProjectName2 = Mago4Butler.Cmd
		SccLocalPath2 = Mago4Butler.Cmd
		SccProjectUniqueName3 = Mago4Butler.BL\\Mago4Butler.BL.csproj
		SccProjectName3 = Mago4Butler.BL
		SccLocalPath3 = Mago4Butler.BL
	EndGlobalSection
EndGlobal
