
Microsoft Visual Studio Solution File, Format Version 12.00
# Visual Studio 14
VisualStudioVersion = 14.0.24720.0
MinimumVisualStudioVersion = 10.0.40219.1
Project("{FAE04EC0-301F-11D3-BF4B-00C04F79EFBC}") = "Mago4Butler", "Mago4Butler\Mago4Butler.csproj", "{74895131-51FE-4FE9-BAEB-8D8E192E27CF}"
EndProject
Project("{FAE04EC0-301F-11D3-BF4B-00C04F79EFBC}") = "Mago4Butler.Cmd", "Mago4Butler.Cmd\Mago4Butler.Cmd.csproj", "{5A1808DE-E0F2-4A69-A0C0-B63A76859F8C}"
EndProject
Project("{FAE04EC0-301F-11D3-BF4B-00C04F79EFBC}") = "Mago4Butler.BL", "Mago4Butler.BL\Mago4Butler.BL.csproj", "{CF1BEF3B-3042-4192-B6C4-CDC0ED25336D}"
EndProject
Project("{930C7802-8A8C-48F9-8165-68863BCCD9DD}") = "Mago4ButlerSetup", "Mago4ButlerSetup\Mago4ButlerSetup.wixproj", "{A063F660-3E25-452C-B093-0C85F2B81A27}"
EndProject
Project("{FAE04EC0-301F-11D3-BF4B-00C04F79EFBC}") = "ProvisioningConfigurator", "..\..\Standard\TaskBuilder_MIA\Tools\ProvisioningConfigurator\ProvisioningConfigurator\ProvisioningConfigurator.csproj", "{A84F78EE-5EDE-4C7C-A042-36E0806BACF5}"
EndProject
Project("{FAE04EC0-301F-11D3-BF4B-00C04F79EFBC}") = "Microarea.TaskBuilderNet.Interfaces", "..\..\Standard\TaskBuilder_MIA\TaskBuilderNet\Microarea.TaskBuilderNet.Interfaces\Microarea.TaskBuilderNet.Interfaces.csproj", "{D21FD41D-0C68-40EF-A65A-CCFA47A05F3E}"
EndProject
Project("{FAE04EC0-301F-11D3-BF4B-00C04F79EFBC}") = "Microarea.TaskBuilderNet.Core", "..\..\Standard\TaskBuilder_MIA\TaskBuilderNet\Microarea.TaskBuilderNet.Core\Microarea.TaskBuilderNet.Core.csproj", "{DCA1DC48-522C-41FA-9E43-3DCCE3ED0FE3}"
EndProject
Project("{FAE04EC0-301F-11D3-BF4B-00C04F79EFBC}") = "Microarea.TaskBuilderNet.Data", "..\..\Standard\TaskBuilder_MIA\TaskBuilderNet\Microarea.TaskBuilderNet.Data\Microarea.TaskBuilderNet.Data.csproj", "{F2F1C352-B5F8-4E92-A85F-99B012F80504}"
EndProject
Project("{2150E333-8FDC-42A3-9474-1A3956D46DE8}") = "TaskBuilderNet", "TaskBuilderNet", "{6A50FBE7-627C-4621-BB80-7D0ADA9E3A97}"
EndProject
Project("{2150E333-8FDC-42A3-9474-1A3956D46DE8}") = "Setup", "Setup", "{807CBFB5-AB06-4AD2-BD86-9083B92B7504}"
EndProject
Global
	GlobalSection(SolutionConfigurationPlatforms) = preSolution
		Debug|Any CPU = Debug|Any CPU
		Debug|x86 = Debug|x86
		Release|Any CPU = Release|Any CPU
		Release|x86 = Release|x86
	EndGlobalSection
	GlobalSection(ProjectConfigurationPlatforms) = postSolution
		{74895131-51FE-4FE9-BAEB-8D8E192E27CF}.Debug|Any CPU.ActiveCfg = Debug|x86
		{74895131-51FE-4FE9-BAEB-8D8E192E27CF}.Debug|Any CPU.Build.0 = Debug|x86
		{74895131-51FE-4FE9-BAEB-8D8E192E27CF}.Debug|x86.ActiveCfg = Debug|x86
		{74895131-51FE-4FE9-BAEB-8D8E192E27CF}.Debug|x86.Build.0 = Debug|x86
		{74895131-51FE-4FE9-BAEB-8D8E192E27CF}.Release|Any CPU.ActiveCfg = Release|Any CPU
		{74895131-51FE-4FE9-BAEB-8D8E192E27CF}.Release|Any CPU.Build.0 = Release|Any CPU
		{74895131-51FE-4FE9-BAEB-8D8E192E27CF}.Release|x86.ActiveCfg = Release|x86
		{74895131-51FE-4FE9-BAEB-8D8E192E27CF}.Release|x86.Build.0 = Release|x86
		{5A1808DE-E0F2-4A69-A0C0-B63A76859F8C}.Debug|Any CPU.ActiveCfg = Debug|x86
		{5A1808DE-E0F2-4A69-A0C0-B63A76859F8C}.Debug|Any CPU.Build.0 = Debug|x86
		{5A1808DE-E0F2-4A69-A0C0-B63A76859F8C}.Debug|x86.ActiveCfg = Debug|x86
		{5A1808DE-E0F2-4A69-A0C0-B63A76859F8C}.Debug|x86.Build.0 = Debug|x86
		{5A1808DE-E0F2-4A69-A0C0-B63A76859F8C}.Release|Any CPU.ActiveCfg = Release|Any CPU
		{5A1808DE-E0F2-4A69-A0C0-B63A76859F8C}.Release|Any CPU.Build.0 = Release|Any CPU
		{5A1808DE-E0F2-4A69-A0C0-B63A76859F8C}.Release|x86.ActiveCfg = Release|x86
		{5A1808DE-E0F2-4A69-A0C0-B63A76859F8C}.Release|x86.Build.0 = Release|x86
		{CF1BEF3B-3042-4192-B6C4-CDC0ED25336D}.Debug|Any CPU.ActiveCfg = Debug|x86
		{CF1BEF3B-3042-4192-B6C4-CDC0ED25336D}.Debug|Any CPU.Build.0 = Debug|x86
		{CF1BEF3B-3042-4192-B6C4-CDC0ED25336D}.Debug|x86.ActiveCfg = Debug|x86
		{CF1BEF3B-3042-4192-B6C4-CDC0ED25336D}.Debug|x86.Build.0 = Debug|x86
		{CF1BEF3B-3042-4192-B6C4-CDC0ED25336D}.Release|Any CPU.ActiveCfg = Release|Any CPU
		{CF1BEF3B-3042-4192-B6C4-CDC0ED25336D}.Release|Any CPU.Build.0 = Release|Any CPU
		{CF1BEF3B-3042-4192-B6C4-CDC0ED25336D}.Release|x86.ActiveCfg = Release|x86
		{CF1BEF3B-3042-4192-B6C4-CDC0ED25336D}.Release|x86.Build.0 = Release|x86
		{A063F660-3E25-452C-B093-0C85F2B81A27}.Debug|Any CPU.ActiveCfg = Debug|x86
		{A063F660-3E25-452C-B093-0C85F2B81A27}.Debug|x86.ActiveCfg = Debug|x86
		{A063F660-3E25-452C-B093-0C85F2B81A27}.Debug|x86.Build.0 = Debug|x86
		{A063F660-3E25-452C-B093-0C85F2B81A27}.Release|Any CPU.ActiveCfg = Release|x86
		{A063F660-3E25-452C-B093-0C85F2B81A27}.Release|x86.ActiveCfg = Release|x86
		{A063F660-3E25-452C-B093-0C85F2B81A27}.Release|x86.Build.0 = Release|x86
		{A84F78EE-5EDE-4C7C-A042-36E0806BACF5}.Debug|Any CPU.ActiveCfg = Debug|Any CPU
		{A84F78EE-5EDE-4C7C-A042-36E0806BACF5}.Debug|Any CPU.Build.0 = Debug|Any CPU
		{A84F78EE-5EDE-4C7C-A042-36E0806BACF5}.Debug|x86.ActiveCfg = Debug|Any CPU
		{A84F78EE-5EDE-4C7C-A042-36E0806BACF5}.Debug|x86.Build.0 = Debug|Any CPU
		{A84F78EE-5EDE-4C7C-A042-36E0806BACF5}.Release|Any CPU.ActiveCfg = Release|Any CPU
		{A84F78EE-5EDE-4C7C-A042-36E0806BACF5}.Release|Any CPU.Build.0 = Release|Any CPU
		{A84F78EE-5EDE-4C7C-A042-36E0806BACF5}.Release|x86.ActiveCfg = Release|Any CPU
		{A84F78EE-5EDE-4C7C-A042-36E0806BACF5}.Release|x86.Build.0 = Release|Any CPU
		{D21FD41D-0C68-40EF-A65A-CCFA47A05F3E}.Debug|Any CPU.ActiveCfg = Debug|Any CPU
		{D21FD41D-0C68-40EF-A65A-CCFA47A05F3E}.Debug|Any CPU.Build.0 = Debug|Any CPU
		{D21FD41D-0C68-40EF-A65A-CCFA47A05F3E}.Debug|x86.ActiveCfg = Debug|Any CPU
		{D21FD41D-0C68-40EF-A65A-CCFA47A05F3E}.Debug|x86.Build.0 = Debug|Any CPU
		{D21FD41D-0C68-40EF-A65A-CCFA47A05F3E}.Release|Any CPU.ActiveCfg = Release|Any CPU
		{D21FD41D-0C68-40EF-A65A-CCFA47A05F3E}.Release|Any CPU.Build.0 = Release|Any CPU
		{D21FD41D-0C68-40EF-A65A-CCFA47A05F3E}.Release|x86.ActiveCfg = Release|Any CPU
		{D21FD41D-0C68-40EF-A65A-CCFA47A05F3E}.Release|x86.Build.0 = Release|Any CPU
		{DCA1DC48-522C-41FA-9E43-3DCCE3ED0FE3}.Debug|Any CPU.ActiveCfg = Debug|Any CPU
		{DCA1DC48-522C-41FA-9E43-3DCCE3ED0FE3}.Debug|Any CPU.Build.0 = Debug|Any CPU
		{DCA1DC48-522C-41FA-9E43-3DCCE3ED0FE3}.Debug|x86.ActiveCfg = Debug|Any CPU
		{DCA1DC48-522C-41FA-9E43-3DCCE3ED0FE3}.Debug|x86.Build.0 = Debug|Any CPU
		{DCA1DC48-522C-41FA-9E43-3DCCE3ED0FE3}.Release|Any CPU.ActiveCfg = Release|Any CPU
		{DCA1DC48-522C-41FA-9E43-3DCCE3ED0FE3}.Release|Any CPU.Build.0 = Release|Any CPU
		{DCA1DC48-522C-41FA-9E43-3DCCE3ED0FE3}.Release|x86.ActiveCfg = Release|Any CPU
		{DCA1DC48-522C-41FA-9E43-3DCCE3ED0FE3}.Release|x86.Build.0 = Release|Any CPU
		{F2F1C352-B5F8-4E92-A85F-99B012F80504}.Debug|Any CPU.ActiveCfg = Debug|Any CPU
		{F2F1C352-B5F8-4E92-A85F-99B012F80504}.Debug|Any CPU.Build.0 = Debug|Any CPU
		{F2F1C352-B5F8-4E92-A85F-99B012F80504}.Debug|x86.ActiveCfg = Debug|Any CPU
		{F2F1C352-B5F8-4E92-A85F-99B012F80504}.Debug|x86.Build.0 = Debug|Any CPU
		{F2F1C352-B5F8-4E92-A85F-99B012F80504}.Release|Any CPU.ActiveCfg = Release|Any CPU
		{F2F1C352-B5F8-4E92-A85F-99B012F80504}.Release|Any CPU.Build.0 = Release|Any CPU
		{F2F1C352-B5F8-4E92-A85F-99B012F80504}.Release|x86.ActiveCfg = Release|Any CPU
		{F2F1C352-B5F8-4E92-A85F-99B012F80504}.Release|x86.Build.0 = Release|Any CPU
	EndGlobalSection
	GlobalSection(SolutionProperties) = preSolution
		HideSolutionNode = FALSE
	EndGlobalSection
	GlobalSection(NestedProjects) = preSolution
		{A063F660-3E25-452C-B093-0C85F2B81A27} = {807CBFB5-AB06-4AD2-BD86-9083B92B7504}
		{D21FD41D-0C68-40EF-A65A-CCFA47A05F3E} = {6A50FBE7-627C-4621-BB80-7D0ADA9E3A97}
		{DCA1DC48-522C-41FA-9E43-3DCCE3ED0FE3} = {6A50FBE7-627C-4621-BB80-7D0ADA9E3A97}
		{F2F1C352-B5F8-4E92-A85F-99B012F80504} = {6A50FBE7-627C-4621-BB80-7D0ADA9E3A97}
	EndGlobalSection
	GlobalSection(TeamFoundationVersionControl) = preSolution
		SccNumberOfProjects = 9
		SccEnterpriseProvider = {4CA58AB2-18FA-4F8D-95D4-32DDF27D184C}
		SccTeamFoundationServer = http://tfs:8080/tfs/microarea
		SccLocalPath0 = .
		SccProjectUniqueName1 = Mago4Butler\\Mago4Butler.csproj
		SccProjectName1 = Mago4Butler
		SccLocalPath1 = Mago4Butler
		SccProjectUniqueName2 = Mago4Butler.Cmd\\Mago4Butler.Cmd.csproj
		SccProjectName2 = Mago4Butler.Cmd
		SccLocalPath2 = Mago4Butler.Cmd
		SccProjectUniqueName3 = Mago4Butler.BL\\Mago4Butler.BL.csproj
		SccProjectName3 = Mago4Butler.BL
		SccLocalPath3 = Mago4Butler.BL
		SccProjectUniqueName4 = Mago4ButlerSetup\\Mago4ButlerSetup.wixproj
		SccProjectTopLevelParentUniqueName4 = Mago4Butler.sln
		SccProjectName4 = Mago4ButlerSetup
		SccLocalPath4 = Mago4ButlerSetup
		SccProjectUniqueName5 = ..\\..\\Standard\\TaskBuilder_MIA\\Tools\\ProvisioningConfigurator\\ProvisioningConfigurator\\ProvisioningConfigurator.csproj
		SccProjectName5 = ../../TaskBuilder_MIA/Tools/ProvisioningConfigurator/ProvisioningConfigurator
		SccLocalPath5 = ..\\..\\Standard\\TaskBuilder_MIA\\Tools\\ProvisioningConfigurator\\ProvisioningConfigurator
		SccProjectUniqueName6 = ..\\..\\Standard\\TaskBuilder_MIA\\TaskBuilderNet\\Microarea.TaskBuilderNet.Interfaces\\Microarea.TaskBuilderNet.Interfaces.csproj
		SccProjectTopLevelParentUniqueName6 = Mago4Butler.sln
		SccProjectName6 = ../../TaskBuilder_MIA/TaskBuilderNet/Microarea.TaskBuilderNet.Interfaces
		SccLocalPath6 = ..\\..\\Standard\\TaskBuilder_MIA\\TaskBuilderNet\\Microarea.TaskBuilderNet.Interfaces
		SccProjectUniqueName7 = ..\\..\\Standard\\TaskBuilder_MIA\\TaskBuilderNet\\Microarea.TaskBuilderNet.Core\\Microarea.TaskBuilderNet.Core.csproj
		SccProjectTopLevelParentUniqueName7 = Mago4Butler.sln
		SccProjectName7 = ../../TaskBuilder_MIA/TaskBuilderNet/Microarea.TaskBuilderNet.Core
		SccLocalPath7 = ..\\..\\Standard\\TaskBuilder_MIA\\TaskBuilderNet\\Microarea.TaskBuilderNet.Core
		SccProjectUniqueName8 = ..\\..\\Standard\\TaskBuilder_MIA\\TaskBuilderNet\\Microarea.TaskBuilderNet.Data\\Microarea.TaskBuilderNet.Data.csproj
		SccProjectTopLevelParentUniqueName8 = Mago4Butler.sln
		SccProjectName8 = ../../TaskBuilder_MIA/TaskBuilderNet/Microarea.TaskBuilderNet.Data
		SccLocalPath8 = ..\\..\\Standard\\TaskBuilder_MIA\\TaskBuilderNet\\Microarea.TaskBuilderNet.Data
	EndGlobalSection
EndGlobal
