
Microsoft Visual Studio Solution File, Format Version 12.00
# Visual Studio 14
VisualStudioVersion = 14.0.24720.0
MinimumVisualStudioVersion = 10.0.40219.1
Project("{FAE04EC0-301F-11D3-BF4B-00C04F79EFBC}") = "MagoRunnerPlugin", "MagoRunnerPlugin.csproj", "{DDF38A44-C6C7-4643-B991-68870B94E8E7}"
EndProject
Project("{FAE04EC0-301F-11D3-BF4B-00C04F79EFBC}") = "ClientSetupPlugin", "..\ClientSetupPlugin\ClientSetupPlugin.csproj", "{7B94404F-1303-4A5C-80DC-AE1467F3C0CF}"
EndProject
Project("{FAE04EC0-301F-11D3-BF4B-00C04F79EFBC}") = "MsiClassicModePlugin", "..\MsiClassicModePlugin\MsiClassicModePlugin.csproj", "{D7AF6322-4DAC-4D52-9051-EB023F83A5CA}"
EndProject
Project("{2150E333-8FDC-42A3-9474-1A3956D46DE8}") = "Solution Items", "Solution Items", "{D48D2E5F-8BCA-43C8-8FAF-0CBDC72B54E8}"
	ProjectSection(SolutionItems) = preProject
		..\deploy.bat = ..\deploy.bat
	EndProjectSection
EndProject
Global
	GlobalSection(SolutionConfigurationPlatforms) = preSolution
		Debug|Any CPU = Debug|Any CPU
		Deploy|Any CPU = Deploy|Any CPU
		Release|Any CPU = Release|Any CPU
	EndGlobalSection
	GlobalSection(ProjectConfigurationPlatforms) = postSolution
		{DDF38A44-C6C7-4643-B991-68870B94E8E7}.Debug|Any CPU.ActiveCfg = Debug|Any CPU
		{DDF38A44-C6C7-4643-B991-68870B94E8E7}.Debug|Any CPU.Build.0 = Debug|Any CPU
		{DDF38A44-C6C7-4643-B991-68870B94E8E7}.Deploy|Any CPU.ActiveCfg = Deploy|Any CPU
		{DDF38A44-C6C7-4643-B991-68870B94E8E7}.Deploy|Any CPU.Build.0 = Deploy|Any CPU
		{DDF38A44-C6C7-4643-B991-68870B94E8E7}.Release|Any CPU.ActiveCfg = Release|Any CPU
		{DDF38A44-C6C7-4643-B991-68870B94E8E7}.Release|Any CPU.Build.0 = Release|Any CPU
		{7B94404F-1303-4A5C-80DC-AE1467F3C0CF}.Debug|Any CPU.ActiveCfg = Debug|Any CPU
		{7B94404F-1303-4A5C-80DC-AE1467F3C0CF}.Debug|Any CPU.Build.0 = Debug|Any CPU
		{7B94404F-1303-4A5C-80DC-AE1467F3C0CF}.Deploy|Any CPU.ActiveCfg = Debug|Any CPU
		{7B94404F-1303-4A5C-80DC-AE1467F3C0CF}.Release|Any CPU.ActiveCfg = Release|Any CPU
		{7B94404F-1303-4A5C-80DC-AE1467F3C0CF}.Release|Any CPU.Build.0 = Release|Any CPU
		{D7AF6322-4DAC-4D52-9051-EB023F83A5CA}.Debug|Any CPU.ActiveCfg = Debug|Any CPU
		{D7AF6322-4DAC-4D52-9051-EB023F83A5CA}.Debug|Any CPU.Build.0 = Debug|Any CPU
		{D7AF6322-4DAC-4D52-9051-EB023F83A5CA}.Deploy|Any CPU.ActiveCfg = Deploy|Any CPU
		{D7AF6322-4DAC-4D52-9051-EB023F83A5CA}.Deploy|Any CPU.Build.0 = Deploy|Any CPU
		{D7AF6322-4DAC-4D52-9051-EB023F83A5CA}.Release|Any CPU.ActiveCfg = Release|Any CPU
		{D7AF6322-4DAC-4D52-9051-EB023F83A5CA}.Release|Any CPU.Build.0 = Release|Any CPU
	EndGlobalSection
	GlobalSection(SolutionProperties) = preSolution
		HideSolutionNode = FALSE
	EndGlobalSection
	GlobalSection(TeamFoundationVersionControl) = preSolution
		SccNumberOfProjects = 4
		SccEnterpriseProvider = {4CA58AB2-18FA-4F8D-95D4-32DDF27D184C}
		SccTeamFoundationServer = http://tfs:8080/tfs/microarea
		SccLocalPath0 = .
		SccProjectUniqueName1 = MagoRunnerPlugin.csproj
		SccLocalPath1 = .
		SccProjectUniqueName2 = ..\\ClientSetupPlugin\\ClientSetupPlugin.csproj
		SccProjectName2 = ../ClientSetupPlugin
		SccLocalPath2 = ..\\ClientSetupPlugin
		SccProjectUniqueName3 = ..\\MsiClassicModePlugin\\MsiClassicModePlugin.csproj
		SccProjectName3 = ../MsiClassicModePlugin
		SccLocalPath3 = ..\\MsiClassicModePlugin
	EndGlobalSection
EndGlobal
